
Microsoft Visual Studio Solution File, Format Version 12.00
# Visual Studio Version 16
VisualStudioVersion = 16.0.30717.126
MinimumVisualStudioVersion = 10.0.40219.1
Project("{FAE04EC0-301F-11D3-BF4B-00C04F79EFBC}") = "CCC", "CCC\CCC.csproj", "{F8C207D2-77B3-4948-ADC6-2A4274042908}"
EndProject
Global
	GlobalSection(SolutionConfigurationPlatforms) = preSolution
		Debug|Any CPU = Debug|Any CPU
		Release|Any CPU = Release|Any CPU
	EndGlobalSection
	GlobalSection(ProjectConfigurationPlatforms) = postSolution
		{F8C207D2-77B3-4948-ADC6-2A4274042908}.Debug|Any CPU.ActiveCfg = Debug|Any CPU
		{F8C207D2-77B3-4948-ADC6-2A4274042908}.Debug|Any CPU.Build.0 = Debug|Any CPU
		{F8C207D2-77B3-4948-ADC6-2A4274042908}.Release|Any CPU.ActiveCfg = Release|Any CPU
		{F8C207D2-77B3-4948-ADC6-2A4274042908}.Release|Any CPU.Build.0 = Release|Any CPU
	EndGlobalSection
	GlobalSection(SolutionProperties) = preSolution
		HideSolutionNode = FALSE
	EndGlobalSection
	GlobalSection(ExtensibilityGlobals) = postSolution
		SolutionGuid = {AF7E4D7E-AE9B-48C5-B841-5BFCC489D152}
	EndGlobalSection
EndGlobal
